{
  "name": "first_process_xcx",
  "version": "1.0.0",
  "lockfileVersion": 2,
  "requires": true,
  "packages": {
    "": {
      "version": "1.0.0",
      "license": "ISC",
      "dependencies": {
        "miniprogram-barrage": "^1.1.1"
      }
    },
    "node_modules/miniprogram-barrage": {
      "version": "1.1.1",
      "resolved": "https://registry.npmmirror.com/miniprogram-barrage/-/miniprogram-barrage-1.1.1.tgz",
      "integrity": "sha512-wizWzbKOXHiSiWB/WU85eqlAG+mo7G9RwwZBhoCZIgg3ASgEfcCKAr65UaJfttQSFkw8eKKDX9iFCqMGntn3GA=="
    }
  },
  "dependencies": {
    "miniprogram-barrage": {
      "version": "1.1.1",
      "resolved": "https://registry.npmmirror.com/miniprogram-barrage/-/miniprogram-barrage-1.1.1.tgz",
      "integrity": "sha512-wizWzbKOXHiSiWB/WU85eqlAG+mo7G9RwwZBhoCZIgg3ASgEfcCKAr65UaJfttQSFkw8eKKDX9iFCqMGntn3GA=="
    }
  }
}
